
Microsoft Visual Studio Solution File, Format Version 12.00
# Visual Studio Version 16
VisualStudioVersion = 16.0.29418.71
MinimumVisualStudioVersion = 10.0.40219.1
Project("{FAE04EC0-301F-11D3-BF4B-00C04F79EFBC}") = "LR_2_queens", "LR_2_queens\LR_2_queens.csproj", "{F6C2281D-28FA-4DC4-83AD-D3A000D5FA3A}"
EndProject
Global
	GlobalSection(SolutionConfigurationPlatforms) = preSolution
		Debug|Any CPU = Debug|Any CPU
		Release|Any CPU = Release|Any CPU
	EndGlobalSection
	GlobalSection(ProjectConfigurationPlatforms) = postSolution
		{F6C2281D-28FA-4DC4-83AD-D3A000D5FA3A}.Debug|Any CPU.ActiveCfg = Debug|Any CPU
		{F6C2281D-28FA-4DC4-83AD-D3A000D5FA3A}.Debug|Any CPU.Build.0 = Debug|Any CPU
		{F6C2281D-28FA-4DC4-83AD-D3A000D5FA3A}.Release|Any CPU.ActiveCfg = Release|Any CPU
		{F6C2281D-28FA-4DC4-83AD-D3A000D5FA3A}.Release|Any CPU.Build.0 = Release|Any CPU
	EndGlobalSection
	GlobalSection(SolutionProperties) = preSolution
		HideSolutionNode = FALSE
	EndGlobalSection
	GlobalSection(ExtensibilityGlobals) = postSolution
		SolutionGuid = {552F5A80-D5D1-45F2-9E1B-BE1621379407}
	EndGlobalSection
EndGlobal
